// !$*UTF8*$!
{
	archiveVersion = 1;
	classes = {
	};
	objectVersion = 51;
	objects = {

/* Begin PBXBuildFile section */
		060B8A54264EF6DE00FAFD20 /* HomeViewController.swift in Sources */ = {isa = PBXBuildFile; fileRef = 060B8A53264EF6DE00FAFD20 /* HomeViewController.swift */; };
		060E9360262478D1003426E6 /* AppDelegate.swift in Sources */ = {isa = PBXBuildFile; fileRef = 060E935F262478D1003426E6 /* AppDelegate.swift */; };
		060E9362262478D1003426E6 /* SceneDelegate.swift in Sources */ = {isa = PBXBuildFile; fileRef = 060E9361262478D1003426E6 /* SceneDelegate.swift */; };
		060E9364262478D1003426E6 /* LoginViewController.swift in Sources */ = {isa = PBXBuildFile; fileRef = 060E9363262478D1003426E6 /* LoginViewController.swift */; };
		060E9369262478D1003426E6 /* Assets.xcassets in Resources */ = {isa = PBXBuildFile; fileRef = 060E9368262478D1003426E6 /* Assets.xcassets */; };
		060E936C262478D1003426E6 /* LaunchScreen.storyboard in Resources */ = {isa = PBXBuildFile; fileRef = 060E936A262478D1003426E6 /* LaunchScreen.storyboard */; };
		06510AF6264FA21400689E59 /* AddTankViewController.swift in Sources */ = {isa = PBXBuildFile; fileRef = 06510AF5264FA21400689E59 /* AddTankViewController.swift */; };
		06510AF9264FB70000689E59 /* InfoViewController.swift in Sources */ = {isa = PBXBuildFile; fileRef = 06510AF8264FB70000689E59 /* InfoViewController.swift */; };
		06510AFC264FC4B500689E59 /* EditViewController.swift in Sources */ = {isa = PBXBuildFile; fileRef = 06510AFB264FC4B500689E59 /* EditViewController.swift */; };
		06510AFF2650ECA800689E59 /* MainTableViewCell.swift in Sources */ = {isa = PBXBuildFile; fileRef = 06510AFE2650ECA800689E59 /* MainTableViewCell.swift */; };
		06510B022650EE8500689E59 /* ModelWaterTank.swift in Sources */ = {isa = PBXBuildFile; fileRef = 06510B012650EE8500689E59 /* ModelWaterTank.swift */; };
		0687FC2D264D19AF00CE608E /* SignUpViewcontroller.swift in Sources */ = {isa = PBXBuildFile; fileRef = 0687FC2C264D19AF00CE608E /* SignUpViewcontroller.swift */; };
		9060941ADBBAA295A31F5A80 /* Pods_capstone_aquago.framework in Frameworks */ = {isa = PBXBuildFile; fileRef = A3B4B82E1663AC5A585C64E9 /* Pods_capstone_aquago.framework */; };
/* End PBXBuildFile section */

/* Begin PBXFileReference section */
		060B8A53264EF6DE00FAFD20 /* HomeViewController.swift */ = {isa = PBXFileReference; lastKnownFileType = sourcecode.swift; path = HomeViewController.swift; sourceTree = "<group>"; };
		060E935C262478D1003426E6 /* capstone_aquago.app */ = {isa = PBXFileReference; explicitFileType = wrapper.application; includeInIndex = 0; path = capstone_aquago.app; sourceTree = BUILT_PRODUCTS_DIR; };
		060E935F262478D1003426E6 /* AppDelegate.swift */ = {isa = PBXFileReference; lastKnownFileType = sourcecode.swift; path = AppDelegate.swift; sourceTree = "<group>"; };
		060E9361262478D1003426E6 /* SceneDelegate.swift */ = {isa = PBXFileReference; lastKnownFileType = sourcecode.swift; path = SceneDelegate.swift; sourceTree = "<group>"; };
		060E9363262478D1003426E6 /* LoginViewController.swift */ = {isa = PBXFileReference; lastKnownFileType = sourcecode.swift; path = LoginViewController.swift; sourceTree = "<group>"; };
		060E9368262478D1003426E6 /* Assets.xcassets */ = {isa = PBXFileReference; lastKnownFileType = folder.assetcatalog; path = Assets.xcassets; sourceTree = "<group>"; };
		060E936B262478D1003426E6 /* Base */ = {isa = PBXFileReference; lastKnownFileType = file.storyboard; name = Base; path = Base.lproj/LaunchScreen.storyboard; sourceTree = "<group>"; };
		060E936D262478D1003426E6 /* Info.plist */ = {isa = PBXFileReference; lastKnownFileType = text.plist.xml; path = Info.plist; sourceTree = "<group>"; };
		06510AF5264FA21400689E59 /* AddTankViewController.swift */ = {isa = PBXFileReference; lastKnownFileType = sourcecode.swift; path = AddTankViewController.swift; sourceTree = "<group>"; };
		06510AF8264FB70000689E59 /* InfoViewController.swift */ = {isa = PBXFileReference; lastKnownFileType = sourcecode.swift; path = InfoViewController.swift; sourceTree = "<group>"; };
		06510AFB264FC4B500689E59 /* EditViewController.swift */ = {isa = PBXFileReference; lastKnownFileType = sourcecode.swift; path = EditViewController.swift; sourceTree = "<group>"; };
		06510AFE2650ECA800689E59 /* MainTableViewCell.swift */ = {isa = PBXFileReference; lastKnownFileType = sourcecode.swift; path = MainTableViewCell.swift; sourceTree = "<group>"; };
		06510B012650EE8500689E59 /* ModelWaterTank.swift */ = {isa = PBXFileReference; lastKnownFileType = sourcecode.swift; path = ModelWaterTank.swift; sourceTree = "<group>"; };
		0687FC2C264D19AF00CE608E /* SignUpViewcontroller.swift */ = {isa = PBXFileReference; lastKnownFileType = sourcecode.swift; path = SignUpViewcontroller.swift; sourceTree = "<group>"; };
		A3B4B82E1663AC5A585C64E9 /* Pods_capstone_aquago.framework */ = {isa = PBXFileReference; explicitFileType = wrapper.framework; includeInIndex = 0; path = Pods_capstone_aquago.framework; sourceTree = BUILT_PRODUCTS_DIR; };
		CA1F77CEDCEB8C97657363AD /* Pods-capstone_aquago.debug.xcconfig */ = {isa = PBXFileReference; includeInIndex = 1; lastKnownFileType = text.xcconfig; name = "Pods-capstone_aquago.debug.xcconfig"; path = "Target Support Files/Pods-capstone_aquago/Pods-capstone_aquago.debug.xcconfig"; sourceTree = "<group>"; };
		D52608983C4F7E280B8C5CDE /* Pods-capstone_aquago.release.xcconfig */ = {isa = PBXFileReference; includeInIndex = 1; lastKnownFileType = text.xcconfig; name = "Pods-capstone_aquago.release.xcconfig"; path = "Target Support Files/Pods-capstone_aquago/Pods-capstone_aquago.release.xcconfig"; sourceTree = "<group>"; };
/* End PBXFileReference section */

/* Begin PBXFrameworksBuildPhase section */
		060E9359262478D1003426E6 /* Frameworks */ = {
			isa = PBXFrameworksBuildPhase;
			buildActionMask = 2147483647;
			files = (
				9060941ADBBAA295A31F5A80 /* Pods_capstone_aquago.framework in Frameworks */,
			);
			runOnlyForDeploymentPostprocessing = 0;
		};
/* End PBXFrameworksBuildPhase section */

/* Begin PBXGroup section */
		060E9353262478D1003426E6 = {
			isa = PBXGroup;
			children = (
				060E935E262478D1003426E6 /* capstone_aquago */,
				060E935D262478D1003426E6 /* Products */,
				890345CE47684FCD8CAE06D3 /* Pods */,
				C5DCA7A46C9C66D2BDD4966D /* Frameworks */,
			);
			sourceTree = "<group>";
		};
		060E935D262478D1003426E6 /* Products */ = {
			isa = PBXGroup;
			children = (
				060E935C262478D1003426E6 /* capstone_aquago.app */,
			);
			name = Products;
			sourceTree = "<group>";
		};
		060E935E262478D1003426E6 /* capstone_aquago */ = {
			isa = PBXGroup;
			children = (
				060E937526247981003426E6 /* Application */,
				06510B0A2650FCB800689E59 /* ViewModel */,
				06510B072650FC8300689E59 /* Model */,
				060E9378262479B7003426E6 /* ViewController */,
				060E9379262479C7003426E6 /* Shared */,
			);
			path = capstone_aquago;
			sourceTree = "<group>";
		};
		060E937526247981003426E6 /* Application */ = {
			isa = PBXGroup;
			children = (
				060E936D262478D1003426E6 /* Info.plist */,
				060E9368262478D1003426E6 /* Assets.xcassets */,
				060E936A262478D1003426E6 /* LaunchScreen.storyboard */,
				060E935F262478D1003426E6 /* AppDelegate.swift */,
				060E9361262478D1003426E6 /* SceneDelegate.swift */,
			);
			path = Application;
			sourceTree = "<group>";
		};
		060E9378262479B7003426E6 /* ViewController */ = {
			isa = PBXGroup;
			children = (
				06510B062650FC6200689E59 /* Info */,
				06510B052650FC5800689E59 /* Home */,
				06510B042650FC4B00689E59 /* Authentication */,
			);
			path = ViewController;
			sourceTree = "<group>";
		};
		060E9379262479C7003426E6 /* Shared */ = {
			isa = PBXGroup;
			children = (
			);
			path = Shared;
			sourceTree = "<group>";
		};
		06510B042650FC4B00689E59 /* Authentication */ = {
			isa = PBXGroup;
			children = (
				060E9363262478D1003426E6 /* LoginViewController.swift */,
				0687FC2C264D19AF00CE608E /* SignUpViewcontroller.swift */,
			);
			path = Authentication;
			sourceTree = "<group>";
		};
		06510B052650FC5800689E59 /* Home */ = {
			isa = PBXGroup;
			children = (
				06510AFE2650ECA800689E59 /* MainTableViewCell.swift */,
				060B8A53264EF6DE00FAFD20 /* HomeViewController.swift */,
				06510AF5264FA21400689E59 /* AddTankViewController.swift */,
			);
			path = Home;
			sourceTree = "<group>";
		};
		06510B062650FC6200689E59 /* Info */ = {
			isa = PBXGroup;
			children = (
				06510AF8264FB70000689E59 /* InfoViewController.swift */,
				06510AFB264FC4B500689E59 /* EditViewController.swift */,
			);
			path = Info;
			sourceTree = "<group>";
		};
		06510B072650FC8300689E59 /* Model */ = {
			isa = PBXGroup;
			children = (
				06510B082650FC8900689E59 /* Home */,
			);
			path = Model;
			sourceTree = "<group>";
		};
		06510B082650FC8900689E59 /* Home */ = {
			isa = PBXGroup;
			children = (
				06510B012650EE8500689E59 /* ModelWaterTank.swift */,
			);
			path = Home;
			sourceTree = "<group>";
		};
		06510B0A2650FCB800689E59 /* ViewModel */ = {
			isa = PBXGroup;
			children = (
			);
			path = ViewModel;
			sourceTree = "<group>";
		};
		890345CE47684FCD8CAE06D3 /* Pods */ = {
			isa = PBXGroup;
			children = (
				CA1F77CEDCEB8C97657363AD /* Pods-capstone_aquago.debug.xcconfig */,
				D52608983C4F7E280B8C5CDE /* Pods-capstone_aquago.release.xcconfig */,
			);
			path = Pods;
			sourceTree = "<group>";
		};
		C5DCA7A46C9C66D2BDD4966D /* Frameworks */ = {
			isa = PBXGroup;
			children = (
				A3B4B82E1663AC5A585C64E9 /* Pods_capstone_aquago.framework */,
			);
			name = Frameworks;
			sourceTree = "<group>";
		};
/* End PBXGroup section */

/* Begin PBXNativeTarget section */
		060E935B262478D1003426E6 /* capstone_aquago */ = {
			isa = PBXNativeTarget;
			buildConfigurationList = 060E9370262478D1003426E6 /* Build configuration list for PBXNativeTarget "capstone_aquago" */;
			buildPhases = (
				75BEBB489C2CDE2821D4B841 /* [CP] Check Pods Manifest.lock */,
				060E9358262478D1003426E6 /* Sources */,
				060E9359262478D1003426E6 /* Frameworks */,
				060E935A262478D1003426E6 /* Resources */,
				28A435A86EDB616DB73B1090 /* [CP] Embed Pods Frameworks */,
			);
			buildRules = (
			);
			dependencies = (
			);
			name = capstone_aquago;
			productName = capstone_aquago;
			productReference = 060E935C262478D1003426E6 /* capstone_aquago.app */;
			productType = "com.apple.product-type.application";
		};
/* End PBXNativeTarget section */

/* Begin PBXProject section */
		060E9354262478D1003426E6 /* Project object */ = {
			isa = PBXProject;
			attributes = {
				LastSwiftUpdateCheck = 1240;
				LastUpgradeCheck = 1240;
				TargetAttributes = {
					060E935B262478D1003426E6 = {
						CreatedOnToolsVersion = 12.4;
					};
				};
			};
			buildConfigurationList = 060E9357262478D1003426E6 /* Build configuration list for PBXProject "capstone_aquago" */;
			compatibilityVersion = "Xcode 9.3";
			developmentRegion = en;
			hasScannedForEncodings = 0;
			knownRegions = (
				en,
				Base,
			);
			mainGroup = 060E9353262478D1003426E6;
			productRefGroup = 060E935D262478D1003426E6 /* Products */;
			projectDirPath = "";
			projectRoot = "";
			targets = (
				060E935B262478D1003426E6 /* capstone_aquago */,
			);
		};
/* End PBXProject section */

/* Begin PBXResourcesBuildPhase section */
		060E935A262478D1003426E6 /* Resources */ = {
			isa = PBXResourcesBuildPhase;
			buildActionMask = 2147483647;
			files = (
				060E936C262478D1003426E6 /* LaunchScreen.storyboard in Resources */,
				060E9369262478D1003426E6 /* Assets.xcassets in Resources */,
			);
			runOnlyForDeploymentPostprocessing = 0;
		};
/* End PBXResourcesBuildPhase section */

/* Begin PBXShellScriptBuildPhase section */
		28A435A86EDB616DB73B1090 /* [CP] Embed Pods Frameworks */ = {
			isa = PBXShellScriptBuildPhase;
			buildActionMask = 2147483647;
			files = (
			);
			inputFileListPaths = (
				"${PODS_ROOT}/Target Support Files/Pods-capstone_aquago/Pods-capstone_aquago-frameworks-${CONFIGURATION}-input-files.xcfilelist",
			);
			name = "[CP] Embed Pods Frameworks";
			outputFileListPaths = (
				"${PODS_ROOT}/Target Support Files/Pods-capstone_aquago/Pods-capstone_aquago-frameworks-${CONFIGURATION}-output-files.xcfilelist",
			);
			runOnlyForDeploymentPostprocessing = 0;
			shellPath = /bin/sh;
			shellScript = "\"${PODS_ROOT}/Target Support Files/Pods-capstone_aquago/Pods-capstone_aquago-frameworks.sh\"\n";
			showEnvVarsInLog = 0;
		};
		75BEBB489C2CDE2821D4B841 /* [CP] Check Pods Manifest.lock */ = {
			isa = PBXShellScriptBuildPhase;
			buildActionMask = 2147483647;
			files = (
			);
			inputFileListPaths = (
			);
			inputPaths = (
				"${PODS_PODFILE_DIR_PATH}/Podfile.lock",
				"${PODS_ROOT}/Manifest.lock",
			);
			name = "[CP] Check Pods Manifest.lock";
			outputFileListPaths = (
			);
			outputPaths = (
				"$(DERIVED_FILE_DIR)/Pods-capstone_aquago-checkManifestLockResult.txt",
			);
			runOnlyForDeploymentPostprocessing = 0;
			shellPath = /bin/sh;
			shellScript = "diff \"${PODS_PODFILE_DIR_PATH}/Podfile.lock\" \"${PODS_ROOT}/Manifest.lock\" > /dev/null\nif [ $? != 0 ] ; then\n    # print error to STDERR\n    echo \"error: The sandbox is not in sync with the Podfile.lock. Run 'pod install' or update your CocoaPods installation.\" >&2\n    exit 1\nfi\n# This output is used by Xcode 'outputs' to avoid re-running this script phase.\necho \"SUCCESS\" > \"${SCRIPT_OUTPUT_FILE_0}\"\n";
			showEnvVarsInLog = 0;
		};
/* End PBXShellScriptBuildPhase section */

/* Begin PBXSourcesBuildPhase section */
		060E9358262478D1003426E6 /* Sources */ = {
			isa = PBXSourcesBuildPhase;
			buildActionMask = 2147483647;
			files = (
				06510AFC264FC4B500689E59 /* EditViewController.swift in Sources */,
				06510AFF2650ECA800689E59 /* MainTableViewCell.swift in Sources */,
				060B8A54264EF6DE00FAFD20 /* HomeViewController.swift in Sources */,
				060E9364262478D1003426E6 /* LoginViewController.swift in Sources */,
				060E9360262478D1003426E6 /* AppDelegate.swift in Sources */,
				06510B022650EE8500689E59 /* ModelWaterTank.swift in Sources */,
				06510AF9264FB70000689E59 /* InfoViewController.swift in Sources */,
				0687FC2D264D19AF00CE608E /* SignUpViewcontroller.swift in Sources */,
				06510AF6264FA21400689E59 /* AddTankViewController.swift in Sources */,
				060E9362262478D1003426E6 /* SceneDelegate.swift in Sources */,
			);
			runOnlyForDeploymentPostprocessing = 0;
		};
/* End PBXSourcesBuildPhase section */

/* Begin PBXVariantGroup section */
		060E936A262478D1003426E6 /* LaunchScreen.storyboard */ = {
			isa = PBXVariantGroup;
			children = (
				060E936B262478D1003426E6 /* Base */,
			);
			name = LaunchScreen.storyboard;
			sourceTree = "<group>";
		};
/* End PBXVariantGroup section */

/* Begin XCBuildConfiguration section */
		060E936E262478D1003426E6 /* Debug */ = {
			isa = XCBuildConfiguration;
			buildSettings = {
				ALWAYS_SEARCH_USER_PATHS = NO;
				CLANG_ANALYZER_NONNULL = YES;
				CLANG_ANALYZER_NUMBER_OBJECT_CONVERSION = YES_AGGRESSIVE;
				CLANG_CXX_LANGUAGE_STANDARD = "gnu++14";
				CLANG_CXX_LIBRARY = "libc++";
				CLANG_ENABLE_MODULES = YES;
				CLANG_ENABLE_OBJC_ARC = YES;
				CLANG_ENABLE_OBJC_WEAK = YES;
				CLANG_WARN_BLOCK_CAPTURE_AUTORELEASING = YES;
				CLANG_WARN_BOOL_CONVERSION = YES;
				CLANG_WARN_COMMA = YES;
				CLANG_WARN_CONSTANT_CONVERSION = YES;
				CLANG_WARN_DEPRECATED_OBJC_IMPLEMENTATIONS = YES;
				CLANG_WARN_DIRECT_OBJC_ISA_USAGE = YES_ERROR;
				CLANG_WARN_DOCUMENTATION_COMMENTS = YES;
				CLANG_WARN_EMPTY_BODY = YES;
				CLANG_WARN_ENUM_CONVERSION = YES;
				CLANG_WARN_INFINITE_RECURSION = YES;
				CLANG_WARN_INT_CONVERSION = YES;
				CLANG_WARN_NON_LITERAL_NULL_CONVERSION = YES;
				CLANG_WARN_OBJC_IMPLICIT_RETAIN_SELF = YES;
				CLANG_WARN_OBJC_LITERAL_CONVERSION = YES;
				CLANG_WARN_OBJC_ROOT_CLASS = YES_ERROR;
				CLANG_WARN_QUOTED_INCLUDE_IN_FRAMEWORK_HEADER = YES;
				CLANG_WARN_RANGE_LOOP_ANALYSIS = YES;
				CLANG_WARN_STRICT_PROTOTYPES = YES;
				CLANG_WARN_SUSPICIOUS_MOVE = YES;
				CLANG_WARN_UNGUARDED_AVAILABILITY = YES_AGGRESSIVE;
				CLANG_WARN_UNREACHABLE_CODE = YES;
				CLANG_WARN__DUPLICATE_METHOD_MATCH = YES;
				COPY_PHASE_STRIP = NO;
				DEBUG_INFORMATION_FORMAT = dwarf;
				ENABLE_STRICT_OBJC_MSGSEND = YES;
				ENABLE_TESTABILITY = YES;
				GCC_C_LANGUAGE_STANDARD = gnu11;
				GCC_DYNAMIC_NO_PIC = NO;
				GCC_NO_COMMON_BLOCKS = YES;
				GCC_OPTIMIZATION_LEVEL = 0;
				GCC_PREPROCESSOR_DEFINITIONS = (
					"DEBUG=1",
					"$(inherited)",
				);
				GCC_WARN_64_TO_32_BIT_CONVERSION = YES;
				GCC_WARN_ABOUT_RETURN_TYPE = YES_ERROR;
				GCC_WARN_UNDECLARED_SELECTOR = YES;
				GCC_WARN_UNINITIALIZED_AUTOS = YES_AGGRESSIVE;
				GCC_WARN_UNUSED_FUNCTION = YES;
				GCC_WARN_UNUSED_VARIABLE = YES;
				IPHONEOS_DEPLOYMENT_TARGET = 14.4;
				MTL_ENABLE_DEBUG_INFO = INCLUDE_SOURCE;
				MTL_FAST_MATH = YES;
				ONLY_ACTIVE_ARCH = YES;
				SDKROOT = iphoneos;
				SWIFT_ACTIVE_COMPILATION_CONDITIONS = DEBUG;
				SWIFT_OPTIMIZATION_LEVEL = "-Onone";
			};
			name = Debug;
		};
		060E936F262478D1003426E6 /* Release */ = {
			isa = XCBuildConfiguration;
			buildSettings = {
				ALWAYS_SEARCH_USER_PATHS = NO;
				CLANG_ANALYZER_NONNULL = YES;
				CLANG_ANALYZER_NUMBER_OBJECT_CONVERSION = YES_AGGRESSIVE;
				CLANG_CXX_LANGUAGE_STANDARD = "gnu++14";
				CLANG_CXX_LIBRARY = "libc++";
				CLANG_ENABLE_MODULES = YES;
				CLANG_ENABLE_OBJC_ARC = YES;
				CLANG_ENABLE_OBJC_WEAK = YES;
				CLANG_WARN_BLOCK_CAPTURE_AUTORELEASING = YES;
				CLANG_WARN_BOOL_CONVERSION = YES;
				CLANG_WARN_COMMA = YES;
				CLANG_WARN_CONSTANT_CONVERSION = YES;
				CLANG_WARN_DEPRECATED_OBJC_IMPLEMENTATIONS = YES;
				CLANG_WARN_DIRECT_OBJC_ISA_USAGE = YES_ERROR;
				CLANG_WARN_DOCUMENTATION_COMMENTS = YES;
				CLANG_WARN_EMPTY_BODY = YES;
				CLANG_WARN_ENUM_CONVERSION = YES;
				CLANG_WARN_INFINITE_RECURSION = YES;
				CLANG_WARN_INT_CONVERSION = YES;
				CLANG_WARN_NON_LITERAL_NULL_CONVERSION = YES;
				CLANG_WARN_OBJC_IMPLICIT_RETAIN_SELF = YES;
				CLANG_WARN_OBJC_LITERAL_CONVERSION = YES;
				CLANG_WARN_OBJC_ROOT_CLASS = YES_ERROR;
				CLANG_WARN_QUOTED_INCLUDE_IN_FRAMEWORK_HEADER = YES;
				CLANG_WARN_RANGE_LOOP_ANALYSIS = YES;
				CLANG_WARN_STRICT_PROTOTYPES = YES;
				CLANG_WARN_SUSPICIOUS_MOVE = YES;
				CLANG_WARN_UNGUARDED_AVAILABILITY = YES_AGGRESSIVE;
				CLANG_WARN_UNREACHABLE_CODE = YES;
				CLANG_WARN__DUPLICATE_METHOD_MATCH = YES;
				COPY_PHASE_STRIP = NO;
				DEBUG_INFORMATION_FORMAT = "dwarf-with-dsym";
				ENABLE_NS_ASSERTIONS = NO;
				ENABLE_STRICT_OBJC_MSGSEND = YES;
				GCC_C_LANGUAGE_STANDARD = gnu11;
				GCC_NO_COMMON_BLOCKS = YES;
				GCC_WARN_64_TO_32_BIT_CONVERSION = YES;
				GCC_WARN_ABOUT_RETURN_TYPE = YES_ERROR;
				GCC_WARN_UNDECLARED_SELECTOR = YES;
				GCC_WARN_UNINITIALIZED_AUTOS = YES_AGGRESSIVE;
				GCC_WARN_UNUSED_FUNCTION = YES;
				GCC_WARN_UNUSED_VARIABLE = YES;
				IPHONEOS_DEPLOYMENT_TARGET = 14.4;
				MTL_ENABLE_DEBUG_INFO = NO;
				MTL_FAST_MATH = YES;
				SDKROOT = iphoneos;
				SWIFT_COMPILATION_MODE = wholemodule;
				SWIFT_OPTIMIZATION_LEVEL = "-O";
				VALIDATE_PRODUCT = YES;
			};
			name = Release;
		};
		060E9371262478D1003426E6 /* Debug */ = {
			isa = XCBuildConfiguration;
			baseConfigurationReference = CA1F77CEDCEB8C97657363AD /* Pods-capstone_aquago.debug.xcconfig */;
			buildSettings = {
				ASSETCATALOG_COMPILER_APPICON_NAME = AppIcon;
				ASSETCATALOG_COMPILER_GLOBAL_ACCENT_COLOR_NAME = AccentColor;
				CODE_SIGN_STYLE = Automatic;
				DEVELOPMENT_TEAM = RKSNRHW63A;
				INFOPLIST_FILE = capstone_aquago/Application/Info.plist;
				LD_RUNPATH_SEARCH_PATHS = (
					"$(inherited)",
					"@executable_path/Frameworks",
				);
				PRODUCT_BUNDLE_IDENTIFIER = "com.pangeun.capstone-aquago";
				PRODUCT_NAME = "$(TARGET_NAME)";
				SWIFT_VERSION = 5.0;
				TARGETED_DEVICE_FAMILY = "1,2";
			};
			name = Debug;
		};
		060E9372262478D1003426E6 /* Release */ = {
			isa = XCBuildConfiguration;
			baseConfigurationReference = D52608983C4F7E280B8C5CDE /* Pods-capstone_aquago.release.xcconfig */;
			buildSettings = {
				ASSETCATALOG_COMPILER_APPICON_NAME = AppIcon;
				ASSETCATALOG_COMPILER_GLOBAL_ACCENT_COLOR_NAME = AccentColor;
				CODE_SIGN_STYLE = Automatic;
				DEVELOPMENT_TEAM = RKSNRHW63A;
				INFOPLIST_FILE = capstone_aquago/Application/Info.plist;
				LD_RUNPATH_SEARCH_PATHS = (
					"$(inherited)",
					"@executable_path/Frameworks",
				);
				PRODUCT_BUNDLE_IDENTIFIER = "com.pangeun.capstone-aquago";
				PRODUCT_NAME = "$(TARGET_NAME)";
				SWIFT_VERSION = 5.0;
				TARGETED_DEVICE_FAMILY = "1,2";
			};
			name = Release;
		};
/* End XCBuildConfiguration section */

/* Begin XCConfigurationList section */
		060E9357262478D1003426E6 /* Build configuration list for PBXProject "capstone_aquago" */ = {
			isa = XCConfigurationList;
			buildConfigurations = (
				060E936E262478D1003426E6 /* Debug */,
				060E936F262478D1003426E6 /* Release */,
			);
			defaultConfigurationIsVisible = 0;
			defaultConfigurationName = Release;
		};
		060E9370262478D1003426E6 /* Build configuration list for PBXNativeTarget "capstone_aquago" */ = {
			isa = XCConfigurationList;
			buildConfigurations = (
				060E9371262478D1003426E6 /* Debug */,
				060E9372262478D1003426E6 /* Release */,
			);
			defaultConfigurationIsVisible = 0;
			defaultConfigurationName = Release;
		};
/* End XCConfigurationList section */
	};
	rootObject = 060E9354262478D1003426E6 /* Project object */;
}
